// !$*UTF8*$!
{
	archiveVersion = 1;
	classes = {
	};
	objectVersion = 51;
	objects = {

/* Begin PBXBuildFile section */
		35BF02D1E2D8398A661B4543 /* Pods_Employees.framework in Frameworks */ = {isa = PBXBuildFile; fileRef = 5A066CE41D9BDFE0EF948A40 /* Pods_Employees.framework */; };
		9DA7BB762563E00F00BC81E2 /* AppDelegate.swift in Sources */ = {isa = PBXBuildFile; fileRef = 9DA7BB752563E00F00BC81E2 /* AppDelegate.swift */; };
		9DA7BB782563E00F00BC81E2 /* SceneDelegate.swift in Sources */ = {isa = PBXBuildFile; fileRef = 9DA7BB772563E00F00BC81E2 /* SceneDelegate.swift */; };
		9DA7BB7A2563E00F00BC81E2 /* ViewController.swift in Sources */ = {isa = PBXBuildFile; fileRef = 9DA7BB792563E00F00BC81E2 /* ViewController.swift */; };
		9DA7BB7D2563E00F00BC81E2 /* Main.storyboard in Resources */ = {isa = PBXBuildFile; fileRef = 9DA7BB7B2563E00F00BC81E2 /* Main.storyboard */; };
		9DA7BB7F2563E01800BC81E2 /* Assets.xcassets in Resources */ = {isa = PBXBuildFile; fileRef = 9DA7BB7E2563E01800BC81E2 /* Assets.xcassets */; };
		9DA7BB822563E01800BC81E2 /* LaunchScreen.storyboard in Resources */ = {isa = PBXBuildFile; fileRef = 9DA7BB802563E01800BC81E2 /* LaunchScreen.storyboard */; };
		9DA7BB912563E82500BC81E2 /* CustomTableViewCell.swift in Sources */ = {isa = PBXBuildFile; fileRef = 9DA7BB8F2563E82500BC81E2 /* CustomTableViewCell.swift */; };
		9DA7BB922563E82500BC81E2 /* CustomTableViewCell.xib in Resources */ = {isa = PBXBuildFile; fileRef = 9DA7BB902563E82500BC81E2 /* CustomTableViewCell.xib */; };
		9DA7BB942563EB6700BC81E2 /* EmployeesAPI.swift in Sources */ = {isa = PBXBuildFile; fileRef = 9DA7BB932563EB6700BC81E2 /* EmployeesAPI.swift */; };
/* End PBXBuildFile section */

/* Begin PBXFileReference section */
		103F2C41B67BA35B55A54F3A /* Pods-Employees.debug.xcconfig */ = {isa = PBXFileReference; includeInIndex = 1; lastKnownFileType = text.xcconfig; name = "Pods-Employees.debug.xcconfig"; path = "Target Support Files/Pods-Employees/Pods-Employees.debug.xcconfig"; sourceTree = "<group>"; };
		5A066CE41D9BDFE0EF948A40 /* Pods_Employees.framework */ = {isa = PBXFileReference; explicitFileType = wrapper.framework; includeInIndex = 0; path = Pods_Employees.framework; sourceTree = BUILT_PRODUCTS_DIR; };
		9DA7BB722563E00F00BC81E2 /* Employees.app */ = {isa = PBXFileReference; explicitFileType = wrapper.application; includeInIndex = 0; path = Employees.app; sourceTree = BUILT_PRODUCTS_DIR; };
		9DA7BB752563E00F00BC81E2 /* AppDelegate.swift */ = {isa = PBXFileReference; lastKnownFileType = sourcecode.swift; path = AppDelegate.swift; sourceTree = "<group>"; };
		9DA7BB772563E00F00BC81E2 /* SceneDelegate.swift */ = {isa = PBXFileReference; lastKnownFileType = sourcecode.swift; path = SceneDelegate.swift; sourceTree = "<group>"; };
		9DA7BB792563E00F00BC81E2 /* ViewController.swift */ = {isa = PBXFileReference; lastKnownFileType = sourcecode.swift; path = ViewController.swift; sourceTree = "<group>"; };
		9DA7BB7C2563E00F00BC81E2 /* Base */ = {isa = PBXFileReference; lastKnownFileType = file.storyboard; name = Base; path = Base.lproj/Main.storyboard; sourceTree = "<group>"; };
		9DA7BB7E2563E01800BC81E2 /* Assets.xcassets */ = {isa = PBXFileReference; lastKnownFileType = folder.assetcatalog; path = Assets.xcassets; sourceTree = "<group>"; };
		9DA7BB812563E01800BC81E2 /* Base */ = {isa = PBXFileReference; lastKnownFileType = file.storyboard; name = Base; path = Base.lproj/LaunchScreen.storyboard; sourceTree = "<group>"; };
		9DA7BB832563E01800BC81E2 /* Info.plist */ = {isa = PBXFileReference; lastKnownFileType = text.plist.xml; path = Info.plist; sourceTree = "<group>"; };
		9DA7BB8F2563E82500BC81E2 /* CustomTableViewCell.swift */ = {isa = PBXFileReference; lastKnownFileType = sourcecode.swift; path = CustomTableViewCell.swift; sourceTree = "<group>"; };
		9DA7BB902563E82500BC81E2 /* CustomTableViewCell.xib */ = {isa = PBXFileReference; lastKnownFileType = file.xib; path = CustomTableViewCell.xib; sourceTree = "<group>"; };
		9DA7BB932563EB6700BC81E2 /* EmployeesAPI.swift */ = {isa = PBXFileReference; lastKnownFileType = sourcecode.swift; path = EmployeesAPI.swift; sourceTree = "<group>"; };
		AFED34ACBA606BB42AD6132C /* Pods-Employees.release.xcconfig */ = {isa = PBXFileReference; includeInIndex = 1; lastKnownFileType = text.xcconfig; name = "Pods-Employees.release.xcconfig"; path = "Target Support Files/Pods-Employees/Pods-Employees.release.xcconfig"; sourceTree = "<group>"; };
/* End PBXFileReference section */

/* Begin PBXFrameworksBuildPhase section */
		9DA7BB6F2563E00F00BC81E2 /* Frameworks */ = {
			isa = PBXFrameworksBuildPhase;
			buildActionMask = 2147483647;
			files = (
				35BF02D1E2D8398A661B4543 /* Pods_Employees.framework in Frameworks */,
			);
			runOnlyForDeploymentPostprocessing = 0;
		};
/* End PBXFrameworksBuildPhase section */

/* Begin PBXGroup section */
		1D6CA9BED952EC813D1C5BD0 /* Frameworks */ = {
			isa = PBXGroup;
			children = (
				5A066CE41D9BDFE0EF948A40 /* Pods_Employees.framework */,
			);
			name = Frameworks;
			sourceTree = "<group>";
		};
		9DA7BB692563E00E00BC81E2 = {
			isa = PBXGroup;
			children = (
				9DA7BB742563E00F00BC81E2 /* Employees */,
				9DA7BB732563E00F00BC81E2 /* Products */,
				BE4B9AADD65F79449FE6ED8B /* Pods */,
				1D6CA9BED952EC813D1C5BD0 /* Frameworks */,
			);
			sourceTree = "<group>";
		};
		9DA7BB732563E00F00BC81E2 /* Products */ = {
			isa = PBXGroup;
			children = (
				9DA7BB722563E00F00BC81E2 /* Employees.app */,
			);
			name = Products;
			sourceTree = "<group>";
		};
		9DA7BB742563E00F00BC81E2 /* Employees */ = {
			isa = PBXGroup;
			children = (
				9DA7BB892563E2D100BC81E2 /* Application */,
				9DA7BB8A2563E2E900BC81E2 /* Model */,
				9DA7BB8B2563E2FA00BC81E2 /* Network */,
				9DA7BB8C2563E31000BC81E2 /* Controller */,
				9DA7BB8E2563E32B00BC81E2 /* Resources */,
			);
			path = Employees;
			sourceTree = "<group>";
		};
		9DA7BB892563E2D100BC81E2 /* Application */ = {
			isa = PBXGroup;
			children = (
				9DA7BB772563E00F00BC81E2 /* SceneDelegate.swift */,
				9DA7BB752563E00F00BC81E2 /* AppDelegate.swift */,
				9DA7BB832563E01800BC81E2 /* Info.plist */,
			);
			path = Application;
			sourceTree = "<group>";
		};
		9DA7BB8A2563E2E900BC81E2 /* Model */ = {
			isa = PBXGroup;
			children = (
			);
			path = Model;
			sourceTree = "<group>";
		};
		9DA7BB8B2563E2FA00BC81E2 /* Network */ = {
			isa = PBXGroup;
			children = (
				9DA7BB932563EB6700BC81E2 /* EmployeesAPI.swift */,
			);
			path = Network;
			sourceTree = "<group>";
		};
		9DA7BB8C2563E31000BC81E2 /* Controller */ = {
			isa = PBXGroup;
			children = (
				9DA7BB792563E00F00BC81E2 /* ViewController.swift */,
				9DA7BB8D2563E32000BC81E2 /* Cell */,
			);
			path = Controller;
			sourceTree = "<group>";
		};
		9DA7BB8D2563E32000BC81E2 /* Cell */ = {
			isa = PBXGroup;
			children = (
				9DA7BB8F2563E82500BC81E2 /* CustomTableViewCell.swift */,
				9DA7BB902563E82500BC81E2 /* CustomTableViewCell.xib */,
			);
			path = Cell;
			sourceTree = "<group>";
		};
		9DA7BB8E2563E32B00BC81E2 /* Resources */ = {
			isa = PBXGroup;
			children = (
				9DA7BB802563E01800BC81E2 /* LaunchScreen.storyboard */,
				9DA7BB7E2563E01800BC81E2 /* Assets.xcassets */,
				9DA7BB7B2563E00F00BC81E2 /* Main.storyboard */,
			);
			path = Resources;
			sourceTree = "<group>";
		};
		BE4B9AADD65F79449FE6ED8B /* Pods */ = {
			isa = PBXGroup;
			children = (
				103F2C41B67BA35B55A54F3A /* Pods-Employees.debug.xcconfig */,
				AFED34ACBA606BB42AD6132C /* Pods-Employees.release.xcconfig */,
			);
			path = Pods;
			sourceTree = "<group>";
		};
/* End PBXGroup section */

/* Begin PBXNativeTarget section */
		9DA7BB712563E00F00BC81E2 /* Employees */ = {
			isa = PBXNativeTarget;
			buildConfigurationList = 9DA7BB862563E01800BC81E2 /* Build configuration list for PBXNativeTarget "Employees" */;
			buildPhases = (
				05E5C4B629C964D4614BEDA1 /* [CP] Check Pods Manifest.lock */,
				9DA7BB6E2563E00F00BC81E2 /* Sources */,
				9DA7BB6F2563E00F00BC81E2 /* Frameworks */,
				9DA7BB702563E00F00BC81E2 /* Resources */,
				899C556C0664D2F350E16865 /* [CP] Embed Pods Frameworks */,
			);
			buildRules = (
			);
			dependencies = (
			);
			name = Employees;
			productName = Employees;
			productReference = 9DA7BB722563E00F00BC81E2 /* Employees.app */;
			productType = "com.apple.product-type.application";
		};
/* End PBXNativeTarget section */

/* Begin PBXProject section */
		9DA7BB6A2563E00E00BC81E2 /* Project object */ = {
			isa = PBXProject;
			attributes = {
				LastSwiftUpdateCheck = 1170;
				LastUpgradeCheck = 1170;
				ORGANIZATIONNAME = "Jordi Milla Catalan";
				TargetAttributes = {
					9DA7BB712563E00F00BC81E2 = {
						CreatedOnToolsVersion = 11.7;
					};
				};
			};
			buildConfigurationList = 9DA7BB6D2563E00E00BC81E2 /* Build configuration list for PBXProject "Employees" */;
			compatibilityVersion = "Xcode 9.3";
			developmentRegion = en;
			hasScannedForEncodings = 0;
			knownRegions = (
				en,
				Base,
			);
			mainGroup = 9DA7BB692563E00E00BC81E2;
			productRefGroup = 9DA7BB732563E00F00BC81E2 /* Products */;
			projectDirPath = "";
			projectRoot = "";
			targets = (
				9DA7BB712563E00F00BC81E2 /* Employees */,
			);
		};
/* End PBXProject section */

/* Begin PBXResourcesBuildPhase section */
		9DA7BB702563E00F00BC81E2 /* Resources */ = {
			isa = PBXResourcesBuildPhase;
			buildActionMask = 2147483647;
			files = (
				9DA7BB822563E01800BC81E2 /* LaunchScreen.storyboard in Resources */,
				9DA7BB7F2563E01800BC81E2 /* Assets.xcassets in Resources */,
				9DA7BB922563E82500BC81E2 /* CustomTableViewCell.xib in Resources */,
				9DA7BB7D2563E00F00BC81E2 /* Main.storyboard in Resources */,
			);
			runOnlyForDeploymentPostprocessing = 0;
		};
/* End PBXResourcesBuildPhase section */

/* Begin PBXShellScriptBuildPhase section */
		05E5C4B629C964D4614BEDA1 /* [CP] Check Pods Manifest.lock */ = {
			isa = PBXShellScriptBuildPhase;
			buildActionMask = 2147483647;
			files = (
			);
			inputFileListPaths = (
			);
			inputPaths = (
				"${PODS_PODFILE_DIR_PATH}/Podfile.lock",
				"${PODS_ROOT}/Manifest.lock",
			);
			name = "[CP] Check Pods Manifest.lock";
			outputFileListPaths = (
			);
			outputPaths = (
				"$(DERIVED_FILE_DIR)/Pods-Employees-checkManifestLockResult.txt",
			);
			runOnlyForDeploymentPostprocessing = 0;
			shellPath = /bin/sh;
			shellScript = "diff \"${PODS_PODFILE_DIR_PATH}/Podfile.lock\" \"${PODS_ROOT}/Manifest.lock\" > /dev/null\nif [ $? != 0 ] ; then\n    # print error to STDERR\n    echo \"error: The sandbox is not in sync with the Podfile.lock. Run 'pod install' or update your CocoaPods installation.\" >&2\n    exit 1\nfi\n# This output is used by Xcode 'outputs' to avoid re-running this script phase.\necho \"SUCCESS\" > \"${SCRIPT_OUTPUT_FILE_0}\"\n";
			showEnvVarsInLog = 0;
		};
		899C556C0664D2F350E16865 /* [CP] Embed Pods Frameworks */ = {
			isa = PBXShellScriptBuildPhase;
			buildActionMask = 2147483647;
			files = (
			);
			inputFileListPaths = (
				"${PODS_ROOT}/Target Support Files/Pods-Employees/Pods-Employees-frameworks-${CONFIGURATION}-input-files.xcfilelist",
			);
			name = "[CP] Embed Pods Frameworks";
			outputFileListPaths = (
				"${PODS_ROOT}/Target Support Files/Pods-Employees/Pods-Employees-frameworks-${CONFIGURATION}-output-files.xcfilelist",
			);
			runOnlyForDeploymentPostprocessing = 0;
			shellPath = /bin/sh;
			shellScript = "\"${PODS_ROOT}/Target Support Files/Pods-Employees/Pods-Employees-frameworks.sh\"\n";
			showEnvVarsInLog = 0;
		};
/* End PBXShellScriptBuildPhase section */

/* Begin PBXSourcesBuildPhase section */
		9DA7BB6E2563E00F00BC81E2 /* Sources */ = {
			isa = PBXSourcesBuildPhase;
			buildActionMask = 2147483647;
			files = (
				9DA7BB942563EB6700BC81E2 /* EmployeesAPI.swift in Sources */,
				9DA7BB7A2563E00F00BC81E2 /* ViewController.swift in Sources */,
				9DA7BB762563E00F00BC81E2 /* AppDelegate.swift in Sources */,
				9DA7BB912563E82500BC81E2 /* CustomTableViewCell.swift in Sources */,
				9DA7BB782563E00F00BC81E2 /* SceneDelegate.swift in Sources */,
			);
			runOnlyForDeploymentPostprocessing = 0;
		};
/* End PBXSourcesBuildPhase section */

/* Begin PBXVariantGroup section */
		9DA7BB7B2563E00F00BC81E2 /* Main.storyboard */ = {
			isa = PBXVariantGroup;
			children = (
				9DA7BB7C2563E00F00BC81E2 /* Base */,
			);
			name = Main.storyboard;
			sourceTree = "<group>";
		};
		9DA7BB802563E01800BC81E2 /* LaunchScreen.storyboard */ = {
			isa = PBXVariantGroup;
			children = (
				9DA7BB812563E01800BC81E2 /* Base */,
			);
			name = LaunchScreen.storyboard;
			sourceTree = "<group>";
		};
/* End PBXVariantGroup section */

/* Begin XCBuildConfiguration section */
		9DA7BB842563E01800BC81E2 /* Debug */ = {
			isa = XCBuildConfiguration;
			buildSettings = {
				ALWAYS_SEARCH_USER_PATHS = NO;
				CLANG_ANALYZER_NONNULL = YES;
				CLANG_ANALYZER_NUMBER_OBJECT_CONVERSION = YES_AGGRESSIVE;
				CLANG_CXX_LANGUAGE_STANDARD = "gnu++14";
				CLANG_CXX_LIBRARY = "libc++";
				CLANG_ENABLE_MODULES = YES;
				CLANG_ENABLE_OBJC_ARC = YES;
				CLANG_ENABLE_OBJC_WEAK = YES;
				CLANG_WARN_BLOCK_CAPTURE_AUTORELEASING = YES;
				CLANG_WARN_BOOL_CONVERSION = YES;
				CLANG_WARN_COMMA = YES;
				CLANG_WARN_CONSTANT_CONVERSION = YES;
				CLANG_WARN_DEPRECATED_OBJC_IMPLEMENTATIONS = YES;
				CLANG_WARN_DIRECT_OBJC_ISA_USAGE = YES_ERROR;
				CLANG_WARN_DOCUMENTATION_COMMENTS = YES;
				CLANG_WARN_EMPTY_BODY = YES;
				CLANG_WARN_ENUM_CONVERSION = YES;
				CLANG_WARN_INFINITE_RECURSION = YES;
				CLANG_WARN_INT_CONVERSION = YES;
				CLANG_WARN_NON_LITERAL_NULL_CONVERSION = YES;
				CLANG_WARN_OBJC_IMPLICIT_RETAIN_SELF = YES;
				CLANG_WARN_OBJC_LITERAL_CONVERSION = YES;
				CLANG_WARN_OBJC_ROOT_CLASS = YES_ERROR;
				CLANG_WARN_RANGE_LOOP_ANALYSIS = YES;
				CLANG_WARN_STRICT_PROTOTYPES = YES;
				CLANG_WARN_SUSPICIOUS_MOVE = YES;
				CLANG_WARN_UNGUARDED_AVAILABILITY = YES_AGGRESSIVE;
				CLANG_WARN_UNREACHABLE_CODE = YES;
				CLANG_WARN__DUPLICATE_METHOD_MATCH = YES;
				COPY_PHASE_STRIP = NO;
				DEBUG_INFORMATION_FORMAT = dwarf;
				ENABLE_STRICT_OBJC_MSGSEND = YES;
				ENABLE_TESTABILITY = YES;
				GCC_C_LANGUAGE_STANDARD = gnu11;
				GCC_DYNAMIC_NO_PIC = NO;
				GCC_NO_COMMON_BLOCKS = YES;
				GCC_OPTIMIZATION_LEVEL = 0;
				GCC_PREPROCESSOR_DEFINITIONS = (
					"DEBUG=1",
					"$(inherited)",
				);
				GCC_WARN_64_TO_32_BIT_CONVERSION = YES;
				GCC_WARN_ABOUT_RETURN_TYPE = YES_ERROR;
				GCC_WARN_UNDECLARED_SELECTOR = YES;
				GCC_WARN_UNINITIALIZED_AUTOS = YES_AGGRESSIVE;
				GCC_WARN_UNUSED_FUNCTION = YES;
				GCC_WARN_UNUSED_VARIABLE = YES;
				IPHONEOS_DEPLOYMENT_TARGET = 13.7;
				MTL_ENABLE_DEBUG_INFO = INCLUDE_SOURCE;
				MTL_FAST_MATH = YES;
				ONLY_ACTIVE_ARCH = YES;
				SDKROOT = iphoneos;
				SWIFT_ACTIVE_COMPILATION_CONDITIONS = DEBUG;
				SWIFT_OPTIMIZATION_LEVEL = "-Onone";
			};
			name = Debug;
		};
		9DA7BB852563E01800BC81E2 /* Release */ = {
			isa = XCBuildConfiguration;
			buildSettings = {
				ALWAYS_SEARCH_USER_PATHS = NO;
				CLANG_ANALYZER_NONNULL = YES;
				CLANG_ANALYZER_NUMBER_OBJECT_CONVERSION = YES_AGGRESSIVE;
				CLANG_CXX_LANGUAGE_STANDARD = "gnu++14";
				CLANG_CXX_LIBRARY = "libc++";
				CLANG_ENABLE_MODULES = YES;
				CLANG_ENABLE_OBJC_ARC = YES;
				CLANG_ENABLE_OBJC_WEAK = YES;
				CLANG_WARN_BLOCK_CAPTURE_AUTORELEASING = YES;
				CLANG_WARN_BOOL_CONVERSION = YES;
				CLANG_WARN_COMMA = YES;
				CLANG_WARN_CONSTANT_CONVERSION = YES;
				CLANG_WARN_DEPRECATED_OBJC_IMPLEMENTATIONS = YES;
				CLANG_WARN_DIRECT_OBJC_ISA_USAGE = YES_ERROR;
				CLANG_WARN_DOCUMENTATION_COMMENTS = YES;
				CLANG_WARN_EMPTY_BODY = YES;
				CLANG_WARN_ENUM_CONVERSION = YES;
				CLANG_WARN_INFINITE_RECURSION = YES;
				CLANG_WARN_INT_CONVERSION = YES;
				CLANG_WARN_NON_LITERAL_NULL_CONVERSION = YES;
				CLANG_WARN_OBJC_IMPLICIT_RETAIN_SELF = YES;
				CLANG_WARN_OBJC_LITERAL_CONVERSION = YES;
				CLANG_WARN_OBJC_ROOT_CLASS = YES_ERROR;
				CLANG_WARN_RANGE_LOOP_ANALYSIS = YES;
				CLANG_WARN_STRICT_PROTOTYPES = YES;
				CLANG_WARN_SUSPICIOUS_MOVE = YES;
				CLANG_WARN_UNGUARDED_AVAILABILITY = YES_AGGRESSIVE;
				CLANG_WARN_UNREACHABLE_CODE = YES;
				CLANG_WARN__DUPLICATE_METHOD_MATCH = YES;
				COPY_PHASE_STRIP = NO;
				DEBUG_INFORMATION_FORMAT = "dwarf-with-dsym";
				ENABLE_NS_ASSERTIONS = NO;
				ENABLE_STRICT_OBJC_MSGSEND = YES;
				GCC_C_LANGUAGE_STANDARD = gnu11;
				GCC_NO_COMMON_BLOCKS = YES;
				GCC_WARN_64_TO_32_BIT_CONVERSION = YES;
				GCC_WARN_ABOUT_RETURN_TYPE = YES_ERROR;
				GCC_WARN_UNDECLARED_SELECTOR = YES;
				GCC_WARN_UNINITIALIZED_AUTOS = YES_AGGRESSIVE;
				GCC_WARN_UNUSED_FUNCTION = YES;
				GCC_WARN_UNUSED_VARIABLE = YES;
				IPHONEOS_DEPLOYMENT_TARGET = 13.7;
				MTL_ENABLE_DEBUG_INFO = NO;
				MTL_FAST_MATH = YES;
				SDKROOT = iphoneos;
				SWIFT_COMPILATION_MODE = wholemodule;
				SWIFT_OPTIMIZATION_LEVEL = "-O";
				VALIDATE_PRODUCT = YES;
			};
			name = Release;
		};
		9DA7BB872563E01800BC81E2 /* Debug */ = {
			isa = XCBuildConfiguration;
			baseConfigurationReference = 103F2C41B67BA35B55A54F3A /* Pods-Employees.debug.xcconfig */;
			buildSettings = {
				ASSETCATALOG_COMPILER_APPICON_NAME = AppIcon;
				CODE_SIGN_STYLE = Automatic;
				INFOPLIST_FILE = Employees/Application/Info.plist;
				LD_RUNPATH_SEARCH_PATHS = (
					"$(inherited)",
					"@executable_path/Frameworks",
				);
				PRODUCT_BUNDLE_IDENTIFIER = com.jordi.benavides.Employees;
				PRODUCT_NAME = "$(TARGET_NAME)";
				SWIFT_VERSION = 5.0;
				TARGETED_DEVICE_FAMILY = "1,2";
			};
			name = Debug;
		};
		9DA7BB882563E01800BC81E2 /* Release */ = {
			isa = XCBuildConfiguration;
			baseConfigurationReference = AFED34ACBA606BB42AD6132C /* Pods-Employees.release.xcconfig */;
			buildSettings = {
				ASSETCATALOG_COMPILER_APPICON_NAME = AppIcon;
				CODE_SIGN_STYLE = Automatic;
				INFOPLIST_FILE = Employees/Application/Info.plist;
				LD_RUNPATH_SEARCH_PATHS = (
					"$(inherited)",
					"@executable_path/Frameworks",
				);
				PRODUCT_BUNDLE_IDENTIFIER = com.jordi.benavides.Employees;
				PRODUCT_NAME = "$(TARGET_NAME)";
				SWIFT_VERSION = 5.0;
				TARGETED_DEVICE_FAMILY = "1,2";
			};
			name = Release;
		};
/* End XCBuildConfiguration section */

/* Begin XCConfigurationList section */
		9DA7BB6D2563E00E00BC81E2 /* Build configuration list for PBXProject "Employees" */ = {
			isa = XCConfigurationList;
			buildConfigurations = (
				9DA7BB842563E01800BC81E2 /* Debug */,
				9DA7BB852563E01800BC81E2 /* Release */,
			);
			defaultConfigurationIsVisible = 0;
			defaultConfigurationName = Release;
		};
		9DA7BB862563E01800BC81E2 /* Build configuration list for PBXNativeTarget "Employees" */ = {
			isa = XCConfigurationList;
			buildConfigurations = (
				9DA7BB872563E01800BC81E2 /* Debug */,
				9DA7BB882563E01800BC81E2 /* Release */,
			);
			defaultConfigurationIsVisible = 0;
			defaultConfigurationName = Release;
		};
/* End XCConfigurationList section */
	};
	rootObject = 9DA7BB6A2563E00E00BC81E2 /* Project object */;
}
